
Microsoft Visual Studio Solution File, Format Version 12.00
# Visual Studio 15
VisualStudioVersion = 15.0.27703.2000
MinimumVisualStudioVersion = 10.0.40219.1
Project("{FAE04EC0-301F-11D3-BF4B-00C04F79EFBC}") = "Training.Android", "Training\Training.Android\Training.Android.csproj", "{A7901D33-2F87-4FF3-8FD3-55E4370649B4}"
EndProject
Project("{FAE04EC0-301F-11D3-BF4B-00C04F79EFBC}") = "Training.iOS", "Training\Training.iOS\Training.iOS.csproj", "{1D5ED797-1A6E-4DB5-BF0B-C6C25B0E8091}"
EndProject
Project("{FAE04EC0-301F-11D3-BF4B-00C04F79EFBC}") = "Training", "Training\Training\Training.csproj", "{B143FD76-7871-487D-B80B-4C6EB6F5FDC9}"
EndProject
Global
	GlobalSection(SolutionConfigurationPlatforms) = preSolution
		Ad-Hoc|Any CPU = Ad-Hoc|Any CPU
		Ad-Hoc|iPhone = Ad-Hoc|iPhone
		Ad-Hoc|iPhoneSimulator = Ad-Hoc|iPhoneSimulator
		AppStore|Any CPU = AppStore|Any CPU
		AppStore|iPhone = AppStore|iPhone
		AppStore|iPhoneSimulator = AppStore|iPhoneSimulator
		Debug|Any CPU = Debug|Any CPU
		Debug|iPhone = Debug|iPhone
		Debug|iPhoneSimulator = Debug|iPhoneSimulator
		Release|Any CPU = Release|Any CPU
		Release|iPhone = Release|iPhone
		Release|iPhoneSimulator = Release|iPhoneSimulator
	EndGlobalSection
	GlobalSection(ProjectConfigurationPlatforms) = postSolution
		{A7901D33-2F87-4FF3-8FD3-55E4370649B4}.Ad-Hoc|Any CPU.ActiveCfg = Release|Any CPU
		{A7901D33-2F87-4FF3-8FD3-55E4370649B4}.Ad-Hoc|Any CPU.Build.0 = Release|Any CPU
		{A7901D33-2F87-4FF3-8FD3-55E4370649B4}.Ad-Hoc|Any CPU.Deploy.0 = Release|Any CPU
		{A7901D33-2F87-4FF3-8FD3-55E4370649B4}.Ad-Hoc|iPhone.ActiveCfg = Release|Any CPU
		{A7901D33-2F87-4FF3-8FD3-55E4370649B4}.Ad-Hoc|iPhone.Build.0 = Release|Any CPU
		{A7901D33-2F87-4FF3-8FD3-55E4370649B4}.Ad-Hoc|iPhone.Deploy.0 = Release|Any CPU
		{A7901D33-2F87-4FF3-8FD3-55E4370649B4}.Ad-Hoc|iPhoneSimulator.ActiveCfg = Release|Any CPU
		{A7901D33-2F87-4FF3-8FD3-55E4370649B4}.Ad-Hoc|iPhoneSimulator.Build.0 = Release|Any CPU
		{A7901D33-2F87-4FF3-8FD3-55E4370649B4}.Ad-Hoc|iPhoneSimulator.Deploy.0 = Release|Any CPU
		{A7901D33-2F87-4FF3-8FD3-55E4370649B4}.AppStore|Any CPU.ActiveCfg = Release|Any CPU
		{A7901D33-2F87-4FF3-8FD3-55E4370649B4}.AppStore|Any CPU.Build.0 = Release|Any CPU
		{A7901D33-2F87-4FF3-8FD3-55E4370649B4}.AppStore|Any CPU.Deploy.0 = Release|Any CPU
		{A7901D33-2F87-4FF3-8FD3-55E4370649B4}.AppStore|iPhone.ActiveCfg = Release|Any CPU
		{A7901D33-2F87-4FF3-8FD3-55E4370649B4}.AppStore|iPhone.Build.0 = Release|Any CPU
		{A7901D33-2F87-4FF3-8FD3-55E4370649B4}.AppStore|iPhone.Deploy.0 = Release|Any CPU
		{A7901D33-2F87-4FF3-8FD3-55E4370649B4}.AppStore|iPhoneSimulator.ActiveCfg = Release|Any CPU
		{A7901D33-2F87-4FF3-8FD3-55E4370649B4}.AppStore|iPhoneSimulator.Build.0 = Release|Any CPU
		{A7901D33-2F87-4FF3-8FD3-55E4370649B4}.AppStore|iPhoneSimulator.Deploy.0 = Release|Any CPU
		{A7901D33-2F87-4FF3-8FD3-55E4370649B4}.Debug|Any CPU.ActiveCfg = Debug|Any CPU
		{A7901D33-2F87-4FF3-8FD3-55E4370649B4}.Debug|Any CPU.Build.0 = Debug|Any CPU
		{A7901D33-2F87-4FF3-8FD3-55E4370649B4}.Debug|Any CPU.Deploy.0 = Debug|Any CPU
		{A7901D33-2F87-4FF3-8FD3-55E4370649B4}.Debug|iPhone.ActiveCfg = Debug|Any CPU
		{A7901D33-2F87-4FF3-8FD3-55E4370649B4}.Debug|iPhone.Build.0 = Debug|Any CPU
		{A7901D33-2F87-4FF3-8FD3-55E4370649B4}.Debug|iPhone.Deploy.0 = Debug|Any CPU
		{A7901D33-2F87-4FF3-8FD3-55E4370649B4}.Debug|iPhoneSimulator.ActiveCfg = Debug|Any CPU
		{A7901D33-2F87-4FF3-8FD3-55E4370649B4}.Debug|iPhoneSimulator.Build.0 = Debug|Any CPU
		{A7901D33-2F87-4FF3-8FD3-55E4370649B4}.Debug|iPhoneSimulator.Deploy.0 = Debug|Any CPU
		{A7901D33-2F87-4FF3-8FD3-55E4370649B4}.Release|Any CPU.ActiveCfg = Release|Any CPU
		{A7901D33-2F87-4FF3-8FD3-55E4370649B4}.Release|Any CPU.Build.0 = Release|Any CPU
		{A7901D33-2F87-4FF3-8FD3-55E4370649B4}.Release|Any CPU.Deploy.0 = Release|Any CPU
		{A7901D33-2F87-4FF3-8FD3-55E4370649B4}.Release|iPhone.ActiveCfg = Release|Any CPU
		{A7901D33-2F87-4FF3-8FD3-55E4370649B4}.Release|iPhone.Build.0 = Release|Any CPU
		{A7901D33-2F87-4FF3-8FD3-55E4370649B4}.Release|iPhone.Deploy.0 = Release|Any CPU
		{A7901D33-2F87-4FF3-8FD3-55E4370649B4}.Release|iPhoneSimulator.ActiveCfg = Release|Any CPU
		{A7901D33-2F87-4FF3-8FD3-55E4370649B4}.Release|iPhoneSimulator.Build.0 = Release|Any CPU
		{A7901D33-2F87-4FF3-8FD3-55E4370649B4}.Release|iPhoneSimulator.Deploy.0 = Release|Any CPU
		{1D5ED797-1A6E-4DB5-BF0B-C6C25B0E8091}.Ad-Hoc|Any CPU.ActiveCfg = Ad-Hoc|iPhone
		{1D5ED797-1A6E-4DB5-BF0B-C6C25B0E8091}.Ad-Hoc|Any CPU.Build.0 = Ad-Hoc|iPhone
		{1D5ED797-1A6E-4DB5-BF0B-C6C25B0E8091}.Ad-Hoc|Any CPU.Deploy.0 = Ad-Hoc|iPhone
		{1D5ED797-1A6E-4DB5-BF0B-C6C25B0E8091}.Ad-Hoc|iPhone.ActiveCfg = Ad-Hoc|iPhone
		{1D5ED797-1A6E-4DB5-BF0B-C6C25B0E8091}.Ad-Hoc|iPhone.Build.0 = Ad-Hoc|iPhone
		{1D5ED797-1A6E-4DB5-BF0B-C6C25B0E8091}.Ad-Hoc|iPhone.Deploy.0 = Ad-Hoc|iPhone
		{1D5ED797-1A6E-4DB5-BF0B-C6C25B0E8091}.Ad-Hoc|iPhoneSimulator.ActiveCfg = Ad-Hoc|iPhoneSimulator
		{1D5ED797-1A6E-4DB5-BF0B-C6C25B0E8091}.Ad-Hoc|iPhoneSimulator.Build.0 = Ad-Hoc|iPhoneSimulator
		{1D5ED797-1A6E-4DB5-BF0B-C6C25B0E8091}.Ad-Hoc|iPhoneSimulator.Deploy.0 = Ad-Hoc|iPhoneSimulator
		{1D5ED797-1A6E-4DB5-BF0B-C6C25B0E8091}.AppStore|Any CPU.ActiveCfg = AppStore|iPhone
		{1D5ED797-1A6E-4DB5-BF0B-C6C25B0E8091}.AppStore|Any CPU.Build.0 = AppStore|iPhone
		{1D5ED797-1A6E-4DB5-BF0B-C6C25B0E8091}.AppStore|Any CPU.Deploy.0 = AppStore|iPhone
		{1D5ED797-1A6E-4DB5-BF0B-C6C25B0E8091}.AppStore|iPhone.ActiveCfg = AppStore|iPhone
		{1D5ED797-1A6E-4DB5-BF0B-C6C25B0E8091}.AppStore|iPhone.Build.0 = AppStore|iPhone
		{1D5ED797-1A6E-4DB5-BF0B-C6C25B0E8091}.AppStore|iPhone.Deploy.0 = AppStore|iPhone
		{1D5ED797-1A6E-4DB5-BF0B-C6C25B0E8091}.AppStore|iPhoneSimulator.ActiveCfg = AppStore|iPhoneSimulator
		{1D5ED797-1A6E-4DB5-BF0B-C6C25B0E8091}.AppStore|iPhoneSimulator.Build.0 = AppStore|iPhoneSimulator
		{1D5ED797-1A6E-4DB5-BF0B-C6C25B0E8091}.AppStore|iPhoneSimulator.Deploy.0 = AppStore|iPhoneSimulator
		{1D5ED797-1A6E-4DB5-BF0B-C6C25B0E8091}.Debug|Any CPU.ActiveCfg = Debug|iPhoneSimulator
		{1D5ED797-1A6E-4DB5-BF0B-C6C25B0E8091}.Debug|Any CPU.Build.0 = Debug|iPhoneSimulator
		{1D5ED797-1A6E-4DB5-BF0B-C6C25B0E8091}.Debug|Any CPU.Deploy.0 = Debug|iPhoneSimulator
		{1D5ED797-1A6E-4DB5-BF0B-C6C25B0E8091}.Debug|iPhone.ActiveCfg = Debug|iPhone
		{1D5ED797-1A6E-4DB5-BF0B-C6C25B0E8091}.Debug|iPhone.Build.0 = Debug|iPhone
		{1D5ED797-1A6E-4DB5-BF0B-C6C25B0E8091}.Debug|iPhone.Deploy.0 = Debug|iPhone
		{1D5ED797-1A6E-4DB5-BF0B-C6C25B0E8091}.Debug|iPhoneSimulator.ActiveCfg = Debug|iPhoneSimulator
		{1D5ED797-1A6E-4DB5-BF0B-C6C25B0E8091}.Debug|iPhoneSimulator.Build.0 = Debug|iPhoneSimulator
		{1D5ED797-1A6E-4DB5-BF0B-C6C25B0E8091}.Debug|iPhoneSimulator.Deploy.0 = Debug|iPhoneSimulator
		{1D5ED797-1A6E-4DB5-BF0B-C6C25B0E8091}.Release|Any CPU.ActiveCfg = Release|iPhone
		{1D5ED797-1A6E-4DB5-BF0B-C6C25B0E8091}.Release|Any CPU.Build.0 = Release|iPhone
		{1D5ED797-1A6E-4DB5-BF0B-C6C25B0E8091}.Release|Any CPU.Deploy.0 = Release|iPhone
		{1D5ED797-1A6E-4DB5-BF0B-C6C25B0E8091}.Release|iPhone.ActiveCfg = Release|iPhone
		{1D5ED797-1A6E-4DB5-BF0B-C6C25B0E8091}.Release|iPhone.Build.0 = Release|iPhone
		{1D5ED797-1A6E-4DB5-BF0B-C6C25B0E8091}.Release|iPhone.Deploy.0 = Release|iPhone
		{1D5ED797-1A6E-4DB5-BF0B-C6C25B0E8091}.Release|iPhoneSimulator.ActiveCfg = Release|iPhoneSimulator
		{1D5ED797-1A6E-4DB5-BF0B-C6C25B0E8091}.Release|iPhoneSimulator.Build.0 = Release|iPhoneSimulator
		{1D5ED797-1A6E-4DB5-BF0B-C6C25B0E8091}.Release|iPhoneSimulator.Deploy.0 = Release|iPhoneSimulator
		{B143FD76-7871-487D-B80B-4C6EB6F5FDC9}.Ad-Hoc|Any CPU.ActiveCfg = Debug|Any CPU
		{B143FD76-7871-487D-B80B-4C6EB6F5FDC9}.Ad-Hoc|Any CPU.Build.0 = Debug|Any CPU
		{B143FD76-7871-487D-B80B-4C6EB6F5FDC9}.Ad-Hoc|Any CPU.Deploy.0 = Debug|Any CPU
		{B143FD76-7871-487D-B80B-4C6EB6F5FDC9}.Ad-Hoc|iPhone.ActiveCfg = Debug|Any CPU
		{B143FD76-7871-487D-B80B-4C6EB6F5FDC9}.Ad-Hoc|iPhone.Build.0 = Debug|Any CPU
		{B143FD76-7871-487D-B80B-4C6EB6F5FDC9}.Ad-Hoc|iPhone.Deploy.0 = Debug|Any CPU
		{B143FD76-7871-487D-B80B-4C6EB6F5FDC9}.Ad-Hoc|iPhoneSimulator.ActiveCfg = Debug|Any CPU
		{B143FD76-7871-487D-B80B-4C6EB6F5FDC9}.Ad-Hoc|iPhoneSimulator.Build.0 = Debug|Any CPU
		{B143FD76-7871-487D-B80B-4C6EB6F5FDC9}.Ad-Hoc|iPhoneSimulator.Deploy.0 = Debug|Any CPU
		{B143FD76-7871-487D-B80B-4C6EB6F5FDC9}.AppStore|Any CPU.ActiveCfg = Debug|Any CPU
		{B143FD76-7871-487D-B80B-4C6EB6F5FDC9}.AppStore|Any CPU.Build.0 = Debug|Any CPU
		{B143FD76-7871-487D-B80B-4C6EB6F5FDC9}.AppStore|Any CPU.Deploy.0 = Debug|Any CPU
		{B143FD76-7871-487D-B80B-4C6EB6F5FDC9}.AppStore|iPhone.ActiveCfg = Debug|Any CPU
		{B143FD76-7871-487D-B80B-4C6EB6F5FDC9}.AppStore|iPhone.Build.0 = Debug|Any CPU
		{B143FD76-7871-487D-B80B-4C6EB6F5FDC9}.AppStore|iPhone.Deploy.0 = Debug|Any CPU
		{B143FD76-7871-487D-B80B-4C6EB6F5FDC9}.AppStore|iPhoneSimulator.ActiveCfg = Debug|Any CPU
		{B143FD76-7871-487D-B80B-4C6EB6F5FDC9}.AppStore|iPhoneSimulator.Build.0 = Debug|Any CPU
		{B143FD76-7871-487D-B80B-4C6EB6F5FDC9}.AppStore|iPhoneSimulator.Deploy.0 = Debug|Any CPU
		{B143FD76-7871-487D-B80B-4C6EB6F5FDC9}.Debug|Any CPU.ActiveCfg = Debug|Any CPU
		{B143FD76-7871-487D-B80B-4C6EB6F5FDC9}.Debug|Any CPU.Build.0 = Debug|Any CPU
		{B143FD76-7871-487D-B80B-4C6EB6F5FDC9}.Debug|Any CPU.Deploy.0 = Debug|Any CPU
		{B143FD76-7871-487D-B80B-4C6EB6F5FDC9}.Debug|iPhone.ActiveCfg = Debug|Any CPU
		{B143FD76-7871-487D-B80B-4C6EB6F5FDC9}.Debug|iPhone.Build.0 = Debug|Any CPU
		{B143FD76-7871-487D-B80B-4C6EB6F5FDC9}.Debug|iPhone.Deploy.0 = Debug|Any CPU
		{B143FD76-7871-487D-B80B-4C6EB6F5FDC9}.Debug|iPhoneSimulator.ActiveCfg = Debug|Any CPU
		{B143FD76-7871-487D-B80B-4C6EB6F5FDC9}.Debug|iPhoneSimulator.Build.0 = Debug|Any CPU
		{B143FD76-7871-487D-B80B-4C6EB6F5FDC9}.Debug|iPhoneSimulator.Deploy.0 = Debug|Any CPU
		{B143FD76-7871-487D-B80B-4C6EB6F5FDC9}.Release|Any CPU.ActiveCfg = Release|Any CPU
		{B143FD76-7871-487D-B80B-4C6EB6F5FDC9}.Release|Any CPU.Build.0 = Release|Any CPU
		{B143FD76-7871-487D-B80B-4C6EB6F5FDC9}.Release|Any CPU.Deploy.0 = Release|Any CPU
		{B143FD76-7871-487D-B80B-4C6EB6F5FDC9}.Release|iPhone.ActiveCfg = Release|Any CPU
		{B143FD76-7871-487D-B80B-4C6EB6F5FDC9}.Release|iPhone.Build.0 = Release|Any CPU
		{B143FD76-7871-487D-B80B-4C6EB6F5FDC9}.Release|iPhone.Deploy.0 = Release|Any CPU
		{B143FD76-7871-487D-B80B-4C6EB6F5FDC9}.Release|iPhoneSimulator.ActiveCfg = Release|Any CPU
		{B143FD76-7871-487D-B80B-4C6EB6F5FDC9}.Release|iPhoneSimulator.Build.0 = Release|Any CPU
		{B143FD76-7871-487D-B80B-4C6EB6F5FDC9}.Release|iPhoneSimulator.Deploy.0 = Release|Any CPU
	EndGlobalSection
	GlobalSection(SolutionProperties) = preSolution
		HideSolutionNode = FALSE
	EndGlobalSection
	GlobalSection(ExtensibilityGlobals) = postSolution
		SolutionGuid = {45BE5F0B-B717-4891-804F-788650AE9928}
	EndGlobalSection
EndGlobal
